[[package]]
name = "joblib"
version = "1.1.0"
requires_python = ">=3.6"
summary = "Lightweight pipelining with Python functions"

[[package]]
name = "lightgbm"
version = "3.3.2"
summary = "LightGBM Python Package"
dependencies = [
    "numpy",
    "scikit-learn!=0.22.0",
    "scipy",
    "wheel",
]

[[package]]
name = "numpy"
version = "1.23.2"
requires_python = ">=3.8"
summary = "NumPy is the fundamental package for array computing with Python."

[[package]]
name = "pandas"
version = "1.4.3"
requires_python = ">=3.8"
summary = "Powerful data structures for data analysis, time series, and statistics"
dependencies = [
    "numpy>=1.21.0; python_version >= \"3.10\"",
    "python-dateutil>=2.8.1",
    "pytz>=2020.1",
]

[[package]]
name = "python-dateutil"
version = "2.8.2"
requires_python = "!=3.0.*,!=3.1.*,!=3.2.*,>=2.7"
summary = "Extensions to the standard Python datetime module"
dependencies = [
    "six>=1.5",
]

[[package]]
name = "pytz"
version = "2022.2.1"
summary = "World timezone definitions, modern and historical"

[[package]]
name = "scikit-learn"
version = "1.1.2"
requires_python = ">=3.8"
summary = "A set of python modules for machine learning and data mining"
dependencies = [
    "joblib>=1.0.0",
    "numpy>=1.17.3",
    "scipy>=1.3.2",
    "threadpoolctl>=2.0.0",
]

[[package]]
name = "scipy"
version = "1.6.1"
requires_python = ">=3.7"
summary = "SciPy: Scientific Library for Python"
dependencies = [
    "numpy>=1.16.5",
]

[[package]]
name = "six"
version = "1.16.0"
requires_python = ">=2.7, !=3.0.*, !=3.1.*, !=3.2.*"
summary = "Python 2 and 3 compatibility utilities"

[[package]]
name = "threadpoolctl"
version = "3.1.0"
requires_python = ">=3.6"
summary = "threadpoolctl"

[[package]]
name = "wheel"
version = "0.37.1"
requires_python = "!=3.0.*,!=3.1.*,!=3.2.*,!=3.3.*,!=3.4.*,>=2.7"
summary = "A built-package format for Python"

[metadata]
lock_version = "4.0"
content_hash = "sha256:c248183586296ff6f4b9ab1944d5c4162d28b528aa5e1ad19b7b206223649f74"

[metadata.files]
"joblib 1.1.0" = [
    {url = "https://files.pythonhosted.org/packages/3e/d5/0163eb0cfa0b673aa4fe1cd3ea9d8a81ea0f32e50807b0c295871e4aab2e/joblib-1.1.0-py2.py3-none-any.whl", hash = "sha256:f21f109b3c7ff9d95f8387f752d0d9c34a02aa2f7060c2135f465da0e5160ff6"},
    {url = "https://files.pythonhosted.org/packages/92/b9/9e3616e7e00c8165fb25175c53444533bdde05f3e974d45d9fcbbe451ee6/joblib-1.1.0.tar.gz", hash = "sha256:4158fcecd13733f8be669be0683b96ebdbbd38d23559f54dca7205aea1bf1e35"},
]
"lightgbm 3.3.2" = [
    {url = "https://files.pythonhosted.org/packages/8a/10/f91625b2830a3480d632e1f344e2c730671a0d28fe1bf90113fd36e60e07/lightgbm-3.3.2-py3-none-manylinux2014_aarch64.whl", hash = "sha256:8e788c56853316fc5d35db726d81bd002c721038c856853952287f68082e0158"},
    {url = "https://files.pythonhosted.org/packages/8f/51/d272fa065be3be615d279be915705fa3824b86155e36c974cfb8d3ceec1e/lightgbm-3.3.2.tar.gz", hash = "sha256:5d25d16e77c844c297ece2044df57651139bc3c8ad8c4108916374267ac68b64"},
    {url = "https://files.pythonhosted.org/packages/a1/00/84c572ff02b27dd828d6095158f4bda576c124c4c863be7bf14f58101e53/lightgbm-3.3.2-py3-none-manylinux1_x86_64.whl", hash = "sha256:f4cba3b4f29336ad7e801cb32d9b948ea4cc5300dda650b78bcdfe36b3e2c4b2"},
    {url = "https://files.pythonhosted.org/packages/ba/24/2f83a1008c8add8cd9da03163f911be6b555eb2b9166b5ab74e1ad63ff40/lightgbm-3.3.2-py3-none-win_amd64.whl", hash = "sha256:e4f1529cad416066964f9af0efad208787861e9f2181b7f9ee7fc9bacc082d4f"},
    {url = "https://files.pythonhosted.org/packages/eb/ce/fc2c9d1267cc588ebb33a7864da3a6ee08df47a137361cb90ebabb9484ed/lightgbm-3.3.2-py3-none-macosx_10_14_x86_64.macosx_10_15_x86_64.macosx_11_0_x86_64.whl", hash = "sha256:2e94bd1b3ab29d173102c9c1d80db2e27ad7e43b8ff5a74c5cb7984b37d19f45"},
]
"numpy 1.23.2" = [
    {url = "https://files.pythonhosted.org/packages/10/8e/843caee5e70d9edb8b01dc9418edbf475200abde5299136683006ed2d58b/numpy-1.23.2-cp311-cp311-macosx_11_0_arm64.whl", hash = "sha256:ecfdd68d334a6b97472ed032b5b37a30d8217c097acfff15e8452c710e775524"},
    {url = "https://files.pythonhosted.org/packages/14/ef/726b45ca7229d54d42f012b20e879b3566f794ce1ee3950ecc34f84f3821/numpy-1.23.2-cp39-cp39-macosx_11_0_arm64.whl", hash = "sha256:806cc25d5c43e240db709875e947076b2826f47c2c340a5a2f36da5bb10c58d6"},
    {url = "https://files.pythonhosted.org/packages/15/aa/f831165eefc6e0f10082db7b314871490f30791f9e6a2ddc404828c77e67/numpy-1.23.2-cp310-cp310-manylinux_2_17_aarch64.manylinux2014_aarch64.whl", hash = "sha256:17e5226674f6ea79e14e3b91bfbc153fdf3ac13f5cc54ee7bc8fdbe820a32da0"},
    {url = "https://files.pythonhosted.org/packages/15/b1/166dc9111024caedff5f9bcce8f115ac532e0b117eddbb4cc545c42228e9/numpy-1.23.2-cp310-cp310-win_amd64.whl", hash = "sha256:8ebf7e194b89bc66b78475bd3624d92980fca4e5bb86dda08d677d786fefc414"},
    {url = "https://files.pythonhosted.org/packages/18/51/07c1c49cbf334b54f3f7a73c5a84a8244049bdf716b06611ff9de435620e/numpy-1.23.2-cp311-cp311-macosx_10_9_x86_64.whl", hash = "sha256:dc76bca1ca98f4b122114435f83f1fcf3c0fe48e4e6f660e07996abf2f53903c"},
    {url = "https://files.pythonhosted.org/packages/1f/9f/6c5e5076834e009c9a5fd009a8b8dedeb56976b64b71a53b718c916b43a3/numpy-1.23.2-pp38-pypy38_pp73-manylinux_2_17_x86_64.manylinux2014_x86_64.whl", hash = "sha256:2bd879d3ca4b6f39b7770829f73278b7c5e248c91d538aab1e506c628353e47f"},
    {url = "https://files.pythonhosted.org/packages/27/4b/4ee1067b542fbff6acc64ca937e7920f40706921ed5e3ea53f46a1d15670/numpy-1.23.2-cp311-cp311-manylinux_2_17_x86_64.manylinux2014_x86_64.whl", hash = "sha256:ac987b35df8c2a2eab495ee206658117e9ce867acf3ccb376a19e83070e69418"},
    {url = "https://files.pythonhosted.org/packages/2c/5b/ba2f6d662dfc0c8c9927c05faf2e722a7a7f417ad4665800f819174b818f/numpy-1.23.2-cp38-cp38-manylinux_2_17_x86_64.manylinux2014_x86_64.whl", hash = "sha256:bd5b7ccae24e3d8501ee5563e82febc1771e73bd268eef82a1e8d2b4d556ae66"},
    {url = "https://files.pythonhosted.org/packages/30/1c/729be6462c939a75f6e484ced255ce6ef4dbba1354b56928123c588deb48/numpy-1.23.2-cp38-cp38-manylinux_2_17_aarch64.manylinux2014_aarch64.whl", hash = "sha256:b8b97a8a87cadcd3f94659b4ef6ec056261fa1e1c3317f4193ac231d4df70215"},
    {url = "https://files.pythonhosted.org/packages/36/34/592e7862766847bb103e17518a149f7da83c3b223c7b8933bc26bbaf078b/numpy-1.23.2-cp39-cp39-win32.whl", hash = "sha256:cf8c6aed12a935abf2e290860af8e77b26a042eb7f2582ff83dc7ed5f963340c"},
    {url = "https://files.pythonhosted.org/packages/49/c9/fa9cbbf6f9a1d870bf8e89d462dc46831728d02e6bcee477ed5bda6fced5/numpy-1.23.2-cp311-cp311-win32.whl", hash = "sha256:d98addfd3c8728ee8b2c49126f3c44c703e2b005d4a95998e2167af176a9e722"},
    {url = "https://files.pythonhosted.org/packages/7a/c3/38e826f1c0697e7c5f50ebcfc15672b53d5204c629f2203f4c018d6f39b0/numpy-1.23.2-cp310-cp310-macosx_10_9_x86_64.whl", hash = "sha256:e603ca1fb47b913942f3e660a15e55a9ebca906857edfea476ae5f0fe9b457d5"},
    {url = "https://files.pythonhosted.org/packages/7f/99/43b8e647339c633c0648a6b29a8989971effb1ec03dd6994a1e23c6d3c08/numpy-1.23.2-cp310-cp310-manylinux_2_17_x86_64.manylinux2014_x86_64.whl", hash = "sha256:bdc02c0235b261925102b1bd586579b7158e9d0d07ecb61148a1799214a4afd5"},
    {url = "https://files.pythonhosted.org/packages/8e/09/ddc6c59633bd34d716ac9bbefb945368bbcbb620fbcc3b45b1e4e6850651/numpy-1.23.2-cp38-cp38-win32.whl", hash = "sha256:9b83d48e464f393d46e8dd8171687394d39bc5abfe2978896b77dc2604e8635d"},
    {url = "https://files.pythonhosted.org/packages/94/a8/f49341e9b3d766be1aaaeeb0f3b5ea783c03fe858b825e30259e6fa63ecd/numpy-1.23.2-cp39-cp39-win_amd64.whl", hash = "sha256:5e28cd64624dc2354a349152599e55308eb6ca95a13ce6a7d5679ebff2962913"},
    {url = "https://files.pythonhosted.org/packages/96/2b/4c7c7b171e4112c65c88780ae9834e3bbcd44d443cc422b3422d0de1b0e4/numpy-1.23.2-cp311-cp311-manylinux_2_17_aarch64.manylinux2014_aarch64.whl", hash = "sha256:5593f67e66dea4e237f5af998d31a43e447786b2154ba1ad833676c788f37cde"},
    {url = "https://files.pythonhosted.org/packages/9f/de/e59ba2debde8bd3ef09f48222ad008c7ec8f21d5aef154869f08bbf487b8/numpy-1.23.2-cp38-cp38-macosx_11_0_arm64.whl", hash = "sha256:8247f01c4721479e482cc2f9f7d973f3f47810cbc8c65e38fd1bbd3141cc9842"},
    {url = "https://files.pythonhosted.org/packages/a5/ed/803b31039f613058b1359d48ca3a6be8116d7a49c644ab5958d0c059caf2/numpy-1.23.2-pp38-pypy38_pp73-win_amd64.whl", hash = "sha256:be6b350dfbc7f708d9d853663772a9310783ea58f6035eec649fb9c4371b5389"},
    {url = "https://files.pythonhosted.org/packages/bd/f3/25f99b1312a072b729249293528a38327debf2b8e93aa84b59832e2c1a1f/numpy-1.23.2-cp310-cp310-macosx_11_0_arm64.whl", hash = "sha256:633679a472934b1c20a12ed0c9a6c9eb167fbb4cb89031939bfd03dd9dbc62b8"},
    {url = "https://files.pythonhosted.org/packages/c9/df/489be4464354bfb64b0ccae199740c4d89ce8b2a32ae2365c48166fd551a/numpy-1.23.2-cp39-cp39-macosx_10_9_x86_64.whl", hash = "sha256:4f41f5bf20d9a521f8cab3a34557cd77b6f205ab2116651f12959714494268b0"},
    {url = "https://files.pythonhosted.org/packages/d0/d2/eb5aad7aae64618a128d0de3909058403cad0fd0391e0e21e302a8f7755c/numpy-1.23.2-cp39-cp39-manylinux_2_17_aarch64.manylinux2014_aarch64.whl", hash = "sha256:8f9d84a24889ebb4c641a9b99e54adb8cab50972f0166a3abc14c3b93163f074"},
    {url = "https://files.pythonhosted.org/packages/d5/57/29aa1125ebfa31c62386356a77ac68693c7bf32fb7d8d5deb97c875eeb4b/numpy-1.23.2-cp310-cp310-win32.whl", hash = "sha256:df28dda02c9328e122661f399f7655cdcbcf22ea42daa3650a26bce08a187450"},
    {url = "https://files.pythonhosted.org/packages/f4/66/17b8e95770478436bf968353c89683ce6f9e14d92e0d4fb3111c09ba18d2/numpy-1.23.2.tar.gz", hash = "sha256:b78d00e48261fbbd04aa0d7427cf78d18401ee0abd89c7559bbf422e5b1c7d01"},
    {url = "https://files.pythonhosted.org/packages/f5/85/3b622959cc922874aee72fc5c9db87c3e3779c7404d0370faab80450a3f3/numpy-1.23.2-cp311-cp311-win_amd64.whl", hash = "sha256:8ecb818231afe5f0f568c81f12ce50f2b828ff2b27487520d85eb44c71313b9e"},
    {url = "https://files.pythonhosted.org/packages/f6/20/001995044e785ee7b806785dcbf052c62bfd28f3b4bc1562b3d612754828/numpy-1.23.2-pp38-pypy38_pp73-macosx_10_9_x86_64.whl", hash = "sha256:806970e69106556d1dd200e26647e9bee5e2b3f1814f9da104a943e8d548ca38"},
    {url = "https://files.pythonhosted.org/packages/f8/ea/ff38168d6565a8549f819699cac4d89bbc38fc5b27fb94f8e92bcd713348/numpy-1.23.2-cp39-cp39-manylinux_2_17_x86_64.manylinux2014_x86_64.whl", hash = "sha256:c403c81bb8ffb1c993d0165a11493fd4bf1353d258f6997b3ee288b0a48fce77"},
    {url = "https://files.pythonhosted.org/packages/fa/ca/5e0d36d65772b5ff586e94103cd9b2de216e544444651fc2681165c6d02c/numpy-1.23.2-cp38-cp38-win_amd64.whl", hash = "sha256:dec198619b7dbd6db58603cd256e092bcadef22a796f778bf87f8592b468441d"},
    {url = "https://files.pythonhosted.org/packages/fc/90/fa2ca0f2fcabbfd970e1e78f820d8639683c36525e1c89d9bd20e69230a7/numpy-1.23.2-cp38-cp38-macosx_10_9_x86_64.whl", hash = "sha256:909c56c4d4341ec8315291a105169d8aae732cfb4c250fbc375a1efb7a844f8f"},
]
"pandas 1.4.3" = [
    {url = "https://files.pythonhosted.org/packages/23/a8/ef55120b69b0afb4d240ad5fd511be90955dfa2e02ef49a185ac639a4060/pandas-1.4.3-cp38-cp38-win_amd64.whl", hash = "sha256:605d572126eb4ab2eadf5c59d5d69f0608df2bf7bcad5c5880a47a20a0699e3e"},
    {url = "https://files.pythonhosted.org/packages/2c/3f/7c1689ab9489709e218805df225a58cc2958e21ea301eb4b9f6dd9ab914a/pandas-1.4.3-cp39-cp39-macosx_10_9_x86_64.whl", hash = "sha256:07238a58d7cbc8a004855ade7b75bbd22c0db4b0ffccc721556bab8a095515f6"},
    {url = "https://files.pythonhosted.org/packages/41/81/1686c25606ac4a1228769be5558cef8d54c0fbc987c5d592fa7d01087b16/pandas-1.4.3-cp310-cp310-manylinux_2_17_aarch64.manylinux2014_aarch64.whl", hash = "sha256:e48fbb64165cda451c06a0f9e4c7a16b534fcabd32546d531b3c240ce2844112"},
    {url = "https://files.pythonhosted.org/packages/43/6c/42fdab624ffc6f3e5664245c452ae523182440037f13906965709a478fa2/pandas-1.4.3-cp38-cp38-win32.whl", hash = "sha256:48350592665ea3cbcd07efc8c12ff12d89be09cd47231c7925e3b8afada9d50d"},
    {url = "https://files.pythonhosted.org/packages/45/be/6cba7d58f50ddea41209cc3e2ccd3b2f1551cb62b786c502f483e9961b50/pandas-1.4.3-cp38-cp38-manylinux_2_17_aarch64.manylinux2014_aarch64.whl", hash = "sha256:78b00429161ccb0da252229bcda8010b445c4bf924e721265bec5a6e96a92e92"},
    {url = "https://files.pythonhosted.org/packages/4c/a6/5318e93cbdeefa9ce97b595047e6138beb4919b89a863a8da0f8987be77e/pandas-1.4.3-cp38-cp38-macosx_11_0_arm64.whl", hash = "sha256:d6c0106415ff1a10c326c49bc5dd9ea8b9897a6ca0c8688eb9c30ddec49535ef"},
    {url = "https://files.pythonhosted.org/packages/56/af/ad25a652983d250158b91f9fc044f70359d20c34b1c671b0c1cecc2e85d2/pandas-1.4.3-cp38-cp38-macosx_10_9_universal2.whl", hash = "sha256:24ea75f47bbd5574675dae21d51779a4948715416413b30614c1e8b480909f81"},
    {url = "https://files.pythonhosted.org/packages/60/a6/998a96dfc6375874670b140c1dab6125fcec49736555cfdcb41e39187642/pandas-1.4.3-cp39-cp39-win_amd64.whl", hash = "sha256:721a3dd2f06ef942f83a819c0f3f6a648b2830b191a72bbe9451bcd49c3bd42e"},
    {url = "https://files.pythonhosted.org/packages/74/80/114ce64b02347bbadc70b7e8de3a0076ec346fb6e315ead06756cbc1bcb9/pandas-1.4.3-cp310-cp310-macosx_10_9_universal2.whl", hash = "sha256:d51674ed8e2551ef7773820ef5dab9322be0828629f2cbf8d1fc31a0c4fed640"},
    {url = "https://files.pythonhosted.org/packages/76/60/82eb766bfdd8979470a256048318639f86d9968c3afccc40af73fe20008a/pandas-1.4.3-cp39-cp39-win32.whl", hash = "sha256:0daf876dba6c622154b2e6741f29e87161f844e64f84801554f879d27ba63c0d"},
    {url = "https://files.pythonhosted.org/packages/8b/de/6b3be78f2360e97fba531584e4d86428a6bfe194ec4b3acce5df604a2aab/pandas-1.4.3-cp310-cp310-win_amd64.whl", hash = "sha256:2893e923472a5e090c2d5e8db83e8f907364ec048572084c7d10ef93546be6d1"},
    {url = "https://files.pythonhosted.org/packages/8f/67/7bf106bf405e28a0a0afa9284232dd9b13ffd0cef4eb11c5346849412b86/pandas-1.4.3-cp39-cp39-macosx_10_9_universal2.whl", hash = "sha256:a3924692160e3d847e18702bb048dc38e0e13411d2b503fecb1adf0fcf950ba4"},
    {url = "https://files.pythonhosted.org/packages/a5/ac/6c04be2c26e8c839659b7bcdc7a4bcd4e5366867bff8027ffd1cae58b806/pandas-1.4.3-cp39-cp39-manylinux_2_17_x86_64.manylinux2014_x86_64.whl", hash = "sha256:1d9382f72a4f0e93909feece6fef5500e838ce1c355a581b3d8f259839f2ea76"},
    {url = "https://files.pythonhosted.org/packages/c8/85/8afe540bd0299c4d58f0a5b88acc49a8021804abe05a00d2cbc2fccde873/pandas-1.4.3-cp38-cp38-macosx_10_9_x86_64.whl", hash = "sha256:d5ebc990bd34f4ac3c73a2724c2dcc9ee7bf1ce6cf08e87bb25c6ad33507e318"},
    {url = "https://files.pythonhosted.org/packages/ca/b0/2994a42e3852deb3aaa4af7804a04f9defb13a6f2e6edc6328683700d386/pandas-1.4.3-cp39-cp39-manylinux_2_17_aarch64.manylinux2014_aarch64.whl", hash = "sha256:41fc406e374590a3d492325b889a2686b31e7a7780bec83db2512988550dadbf"},
    {url = "https://files.pythonhosted.org/packages/d1/55/18b00a5426ad8a89944ab93b6b29773a556dc06af8b53a29031f861009e3/pandas-1.4.3-cp38-cp38-manylinux_2_17_x86_64.manylinux2014_x86_64.whl", hash = "sha256:6dfbf16b1ea4f4d0ee11084d9c026340514d1d30270eaa82a9f1297b6c8ecbf0"},
    {url = "https://files.pythonhosted.org/packages/df/88/d6176ffc5b271924f45e356cd0f5781538446ce143f693ba8dbabeea10b8/pandas-1.4.3-cp310-cp310-macosx_11_0_arm64.whl", hash = "sha256:958a0588149190c22cdebbc0797e01972950c927a11a900fe6c2296f207b1d6f"},
    {url = "https://files.pythonhosted.org/packages/ea/e4/a1cbaca4069fdd92c930bb1c5eebd9ea9c55717a9bf60bd41708c8a33f5a/pandas-1.4.3-cp310-cp310-manylinux_2_17_x86_64.manylinux2014_x86_64.whl", hash = "sha256:6f803320c9da732cc79210d7e8cc5c8019aad512589c910c66529eb1b1818230"},
    {url = "https://files.pythonhosted.org/packages/ec/49/0b304252f670ce4074eeddb61f184b81708826343e89ee90c0395db32f71/pandas-1.4.3-cp310-cp310-macosx_10_9_x86_64.whl", hash = "sha256:16ad23db55efcc93fa878f7837267973b61ea85d244fc5ff0ccbcfa5638706c5"},
    {url = "https://files.pythonhosted.org/packages/ed/7d/25f52988bd6949319946ff99a75b547f7bf3f20aff8b2b84fda047bdcd04/pandas-1.4.3-cp39-cp39-macosx_11_0_arm64.whl", hash = "sha256:755679c49460bd0d2f837ab99f0a26948e68fa0718b7e42afbabd074d945bf84"},
    {url = "https://files.pythonhosted.org/packages/f4/00/2de395c769335956b8650f990ef2a15e860be83b544c408ff95713446329/pandas-1.4.3.tar.gz", hash = "sha256:2ff7788468e75917574f080cd4681b27e1a7bf36461fe968b49a87b5a54d007c"},
]
"python-dateutil 2.8.2" = [
    {url = "https://files.pythonhosted.org/packages/36/7a/87837f39d0296e723bb9b62bbb257d0355c7f6128853c78955f57342a56d/python_dateutil-2.8.2-py2.py3-none-any.whl", hash = "sha256:961d03dc3453ebbc59dbdea9e4e11c5651520a876d0f4db161e8674aae935da9"},
    {url = "https://files.pythonhosted.org/packages/4c/c4/13b4776ea2d76c115c1d1b84579f3764ee6d57204f6be27119f13a61d0a9/python-dateutil-2.8.2.tar.gz", hash = "sha256:0123cacc1627ae19ddf3c27a5de5bd67ee4586fbdd6440d9748f8abb483d3e86"},
]
"pytz 2022.2.1" = [
    {url = "https://files.pythonhosted.org/packages/24/0c/401283bb1499768e33ddd2e1a35817c775405c1f047a9dc088a29ce2ea5d/pytz-2022.2.1.tar.gz", hash = "sha256:cea221417204f2d1a2aa03ddae3e867921971d0d76f14d87abb4414415bbdcf5"},
    {url = "https://files.pythonhosted.org/packages/d5/50/54451e88e3da4616286029a3a17fc377de817f66a0f50e1faaee90161724/pytz-2022.2.1-py2.py3-none-any.whl", hash = "sha256:220f481bdafa09c3955dfbdddb7b57780e9a94f5127e35456a48589b9e0c0197"},
]
"scikit-learn 1.1.2" = [
    {url = "https://files.pythonhosted.org/packages/10/ae/123b6d1fdb2fdb1aea6793abe33ed1bf19efd0a936d2f39040a5e99f402b/scikit-learn-1.1.2.tar.gz", hash = "sha256:7c22d1305b16f08d57751a4ea36071e2215efb4c09cb79183faa4e8e82a3dbf8"},
    {url = "https://files.pythonhosted.org/packages/15/4d/65dca1e0ff82b89521c3dfc936bb607fe8c06bb876aa65ca70d02518999d/scikit_learn-1.1.2-cp39-cp39-manylinux_2_17_aarch64.manylinux2014_aarch64.whl", hash = "sha256:589d46f28460469f444b898223b13d99db9463e1038dc581ba698111f612264b"},
    {url = "https://files.pythonhosted.org/packages/19/7e/3905f9f88cda468c82f8a6f410d947b4c287c9797ae3af7bf389e92676af/scikit_learn-1.1.2-cp38-cp38-macosx_12_0_arm64.whl", hash = "sha256:a682ec0f82b6f30fb07486daed1c8001b6683cc66b51877644dfc532bece6a18"},
    {url = "https://files.pythonhosted.org/packages/1d/30/5cf190ab9b65056e66430553b2029463f9e822e87fa900efe41d644d317e/scikit_learn-1.1.2-cp310-cp310-macosx_10_9_x86_64.whl", hash = "sha256:6c840f662b5d3377c4ccb8be1fc21bb52cb5d8b8790f8d6bf021739f84e543cf"},
    {url = "https://files.pythonhosted.org/packages/3d/10/0148194fe9e9dab17a61c671da84154162f97c940f780f6f72d1d597bde0/scikit_learn-1.1.2-cp39-cp39-macosx_12_0_arm64.whl", hash = "sha256:d6f232779023c3b060b80b5c82e5823723bc424dcac1d1a148aa2492c54d245d"},
    {url = "https://files.pythonhosted.org/packages/45/d1/9dfb055ce2893c309936d01efab048ac8ee89ec7ac006fa1f65ff67edaad/scikit_learn-1.1.2-cp39-cp39-win_amd64.whl", hash = "sha256:407e9a1cb9e6ba458a539986a9bd25546a757088095b3aab91d465b79a760d37"},
    {url = "https://files.pythonhosted.org/packages/73/80/a0df6812b29132db32b7712e9b4e8113aa76c5d68147a2e2b5f59042b5ea/scikit_learn-1.1.2-cp39-cp39-manylinux_2_17_x86_64.manylinux2014_x86_64.whl", hash = "sha256:76800652fb6d6bf527bce36ecc2cc25738b28fe1a17bd294a218fff8e8bd6d50"},
    {url = "https://files.pythonhosted.org/packages/85/92/2c69e856918ff04b42113699e3e788dab3de630708a2f88ae848ed25fe30/scikit_learn-1.1.2-cp39-cp39-macosx_10_9_x86_64.whl", hash = "sha256:567417dbbe6a6278399c3e6daf1654414a5a1a4d818d28f251fa7fc28730a1bf"},
    {url = "https://files.pythonhosted.org/packages/91/d1/50eb92222e8b2f315ec5499b97a926d271305e19e254fdced4db899647d6/scikit_learn-1.1.2-cp38-cp38-manylinux_2_17_x86_64.manylinux2014_x86_64.whl", hash = "sha256:f94c0146bad51daef919c402a3da8c1c6162619653e1c00c92baa168fda292f2"},
    {url = "https://files.pythonhosted.org/packages/c0/15/682d5282bc1af94e536161d780bd47cd6b4e81ae912c005e20ccc3987578/scikit_learn-1.1.2-cp38-cp38-manylinux_2_17_aarch64.manylinux2014_aarch64.whl", hash = "sha256:c33e16e9a165af6012f5be530ccfbb672e2bc5f9b840238a05eb7f6694304e3f"},
    {url = "https://files.pythonhosted.org/packages/c5/ee/a5a1f6463d975bb5681f9059173add6b7541fe95fadc9b4883ba091bcbae/scikit_learn-1.1.2-cp39-cp39-win32.whl", hash = "sha256:1c8fecb7c9984d9ec2ea48898229f98aad681a0873e0935f2b7f724fbce4a047"},
    {url = "https://files.pythonhosted.org/packages/cb/0b/e085436fce6daf49786bf0e1107ade7dcd22eb6110abb44b6eb6f29f9270/scikit_learn-1.1.2-cp38-cp38-win_amd64.whl", hash = "sha256:b1e706deca9b2ad87ae27dafd5ac4e8eff01b6db492ed5c12cef4735ec5f21ea"},
    {url = "https://files.pythonhosted.org/packages/d1/cf/3970ff6ff604393945d0ebae752ea206ea0a48d4bf8ae20351199da1622d/scikit_learn-1.1.2-cp310-cp310-win_amd64.whl", hash = "sha256:bbef6ea1c012ff9f3e6f6e9ca006b8772d8383e177b898091e68fbd9b3f840f9"},
    {url = "https://files.pythonhosted.org/packages/d5/21/566dcf45b849df19cee33d0813830abde5665dd066e88bfa8d071a1258af/scikit_learn-1.1.2-cp38-cp38-macosx_10_9_x86_64.whl", hash = "sha256:a90ca42fe8242fd6ff56cda2fecc5fca586a88a24ab602d275d2d0dcc0b928fb"},
    {url = "https://files.pythonhosted.org/packages/dc/e9/08af3f94a3d7623fb5ae142b4e3bee69e5429d808bab0f25e17cd217936b/scikit_learn-1.1.2-cp38-cp38-win32.whl", hash = "sha256:2f46c6e3ff1054a5ec701646dcfd61d43b8ecac4d416014daed8843cf4c33d4d"},
    {url = "https://files.pythonhosted.org/packages/e3/8f/1b6208df4b9bfa1976e0a0d1b74300bc0c725fdea2c124d23c6cd72c5286/scikit_learn-1.1.2-cp310-cp310-macosx_12_0_arm64.whl", hash = "sha256:2b8db962360c93554cab7bb3c096c4a24695da394dd4b3c3f13409f409b425bc"},
    {url = "https://files.pythonhosted.org/packages/e4/21/a796a49b8705ee6ec70a177954c82b58981d3b49af9de82bc56c4efd26a6/scikit_learn-1.1.2-cp310-cp310-manylinux_2_17_x86_64.manylinux2014_x86_64.whl", hash = "sha256:5ec3ea40d467966821843210c02117d82b097b54276fdcfb50f4dfb5c60dbe39"},
    {url = "https://files.pythonhosted.org/packages/f3/31/242ff06d44e7f885d3fd68117546c60adfd5a40b6cd6b729fc3945943b57/scikit_learn-1.1.2-cp310-cp310-manylinux_2_17_aarch64.manylinux2014_aarch64.whl", hash = "sha256:3e7d1fc817867a350133f937aaebcafbc06192517cbdf0cf7e5774ad4d1adb9f"},
]
"scipy 1.6.1" = [
    {url = "https://files.pythonhosted.org/packages/06/c8/78d94bf4d039fd1ef878363491f2925e29b7ccfafa3dcd9dddfaeb0f4608/scipy-1.6.1-cp37-cp37m-win_amd64.whl", hash = "sha256:5fa9c6530b1661f1370bcd332a1e62ca7881785cc0f80c0d559b636567fab63c"},
    {url = "https://files.pythonhosted.org/packages/09/ca/1be7a6fcf9217c210c115af78a4dfbc4aac96f8b2e15f17f532380ecd761/scipy-1.6.1-cp37-cp37m-manylinux1_i686.whl", hash = "sha256:e79570979ccdc3d165456dd62041d9556fb9733b86b4b6d818af7a0afc15f092"},
    {url = "https://files.pythonhosted.org/packages/26/68/84dbe18583e79e56e4cee8d00232a8dd7d4ae33bc3acf3be1c347991848f/scipy-1.6.1.tar.gz", hash = "sha256:c4fceb864890b6168e79b0e714c585dbe2fd4222768ee90bc1aa0f8218691b11"},
    {url = "https://files.pythonhosted.org/packages/2c/30/518c0011f681125528b2e64ad9f5455d4f34e012b9e3a56a6d4ff5486769/scipy-1.6.1-cp38-cp38-manylinux1_x86_64.whl", hash = "sha256:0e5b0ccf63155d90da576edd2768b66fb276446c371b73841e3503be1d63fb5d"},
    {url = "https://files.pythonhosted.org/packages/3e/26/671c3e19d9d5e55ccbe62166b82e731407d499e01e3ae2b37bc8da36716f/scipy-1.6.1-cp37-cp37m-win32.whl", hash = "sha256:6725e3fbb47da428794f243864f2297462e9ee448297c93ed1dcbc44335feb78"},
    {url = "https://files.pythonhosted.org/packages/3f/cb/6aa7397a13a064a9bd613d02fd337e2c11d28adccd970dfdab6b941fe4a6/scipy-1.6.1-cp39-cp39-win_amd64.whl", hash = "sha256:a5193a098ae9f29af283dcf0041f762601faf2e595c0db1da929875b7570353f"},
    {url = "https://files.pythonhosted.org/packages/4c/09/f88dc11bf0e996140079a15445392a5dd7a983cbcab3c93b002a11d27624/scipy-1.6.1-cp39-cp39-manylinux2014_aarch64.whl", hash = "sha256:5da5471aed911fe7e52b86bf9ea32fb55ae93e2f0fac66c32e58897cfb02fa07"},
    {url = "https://files.pythonhosted.org/packages/6b/ac/20b92f916734d27d3fa0e0c3c1a25eff1d3a3efdd571d3c99e0c90cf7250/scipy-1.6.1-cp37-cp37m-macosx_10_9_x86_64.whl", hash = "sha256:a15a1f3fc0abff33e792d6049161b7795909b40b97c6cc2934ed54384017ab76"},
    {url = "https://files.pythonhosted.org/packages/6d/64/78bf382ad60646af5f2faae147b480bed9035ba09085011492f754fd2c14/scipy-1.6.1-cp39-cp39-macosx_10_9_x86_64.whl", hash = "sha256:0c8a51d33556bf70367452d4d601d1742c0e806cd0194785914daf19775f0e67"},
    {url = "https://files.pythonhosted.org/packages/8b/2f/8d5307a9c45a2eab89b88888b09dfa2a7ee9119d42377766676c16506a02/scipy-1.6.1-cp37-cp37m-manylinux2014_aarch64.whl", hash = "sha256:33d6b7df40d197bdd3049d64e8e680227151673465e5d85723b3b8f6b15a6ced"},
    {url = "https://files.pythonhosted.org/packages/9a/62/6caa5721d25452b5885f33b0c66c8aeff6151491f4648c48b3107caf22a9/scipy-1.6.1-cp39-cp39-win32.whl", hash = "sha256:8e403a337749ed40af60e537cc4d4c03febddcc56cd26e774c9b1b600a70d3e4"},
    {url = "https://files.pythonhosted.org/packages/ad/d9/39ec0b85e10f4cee7d5e3982688f8db3ecd87148f5b8fe569ce483b65f73/scipy-1.6.1-cp38-cp38-win32.whl", hash = "sha256:68cb4c424112cd4be886b4d979c5497fba190714085f46b8ae67a5e4416c32b4"},
    {url = "https://files.pythonhosted.org/packages/b6/3a/9e0649ab2d5ade703baa70ef980aa08739226e5d6a642f084bb201a92fc2/scipy-1.6.1-cp37-cp37m-manylinux1_x86_64.whl", hash = "sha256:a423533c55fec61456dedee7b6ee7dce0bb6bfa395424ea374d25afa262be261"},
    {url = "https://files.pythonhosted.org/packages/b6/94/f91d57b1f07c9acf3d788cacb4d893960702558974941d9b95516a2aa9cf/scipy-1.6.1-cp38-cp38-manylinux1_i686.whl", hash = "sha256:f46dd15335e8a320b0fb4685f58b7471702234cba8bb3442b69a3e1dc329c345"},
    {url = "https://files.pythonhosted.org/packages/c1/1e/39a0ed6efe26bf1c1f1abefefadc8da2fd8a627b68c0d0bb0a5f87a86796/scipy-1.6.1-cp38-cp38-macosx_10_9_x86_64.whl", hash = "sha256:bd50daf727f7c195e26f27467c85ce653d41df4358a25b32434a50d8870fc519"},
    {url = "https://files.pythonhosted.org/packages/cc/53/cab80f57ac5768de616e351898ad37fc59ca2b4fedbe60feb4780c2cb957/scipy-1.6.1-cp39-cp39-manylinux1_x86_64.whl", hash = "sha256:794e768cc5f779736593046c9714e0f3a5940bc6dcc1dba885ad64cbfb28e9f0"},
    {url = "https://files.pythonhosted.org/packages/e7/13/0fadfac73fd95bfa74a72dcada39fa6b134fc73a6384256356f18242fb58/scipy-1.6.1-cp38-cp38-win_amd64.whl", hash = "sha256:5f331eeed0297232d2e6eea51b54e8278ed8bb10b099f69c44e2558c090d06bf"},
    {url = "https://files.pythonhosted.org/packages/f1/79/ff16465aef60bf212a31e2c49ca53191908b7fa341dc6b5e8853288f2623/scipy-1.6.1-cp39-cp39-manylinux1_i686.whl", hash = "sha256:83bf7c16245c15bc58ee76c5418e46ea1811edcc2e2b03041b804e46084ab627"},
    {url = "https://files.pythonhosted.org/packages/f6/4a/e2b7c44e3c484e01e51f0b36d4c881102d9bd8a8b7aa7e846a421dc50b7e/scipy-1.6.1-cp38-cp38-manylinux2014_aarch64.whl", hash = "sha256:2481efbb3740977e3c831edfd0bd9867be26387cacf24eb5e366a6a374d3d00d"},
]
"six 1.16.0" = [
    {url = "https://files.pythonhosted.org/packages/71/39/171f1c67cd00715f190ba0b100d606d440a28c93c7714febeca8b79af85e/six-1.16.0.tar.gz", hash = "sha256:1e61c37477a1626458e36f7b1d82aa5c9b094fa4802892072e49de9c60c4c926"},
    {url = "https://files.pythonhosted.org/packages/d9/5a/e7c31adbe875f2abbb91bd84cf2dc52d792b5a01506781dbcf25c91daf11/six-1.16.0-py2.py3-none-any.whl", hash = "sha256:8abb2f1d86890a2dfb989f9a77cfcfd3e47c2a354b01111771326f8aa26e0254"},
]
"threadpoolctl 3.1.0" = [
    {url = "https://files.pythonhosted.org/packages/1b/c7/3d85f8b3894ba7228d0c74e16e97a36a72b2cd2b0e0f8f89b5d435d11f71/threadpoolctl-3.1.0.tar.gz", hash = "sha256:a335baacfaa4400ae1f0d8e3a58d6674d2f8828e3716bb2802c44955ad391380"},
    {url = "https://files.pythonhosted.org/packages/61/cf/6e354304bcb9c6413c4e02a747b600061c21d38ba51e7e544ac7bc66aecc/threadpoolctl-3.1.0-py3-none-any.whl", hash = "sha256:8b99adda265feb6773280df41eece7b2e6561b772d21ffd52e372f999024907b"},
]
"wheel 0.37.1" = [
    {url = "https://files.pythonhosted.org/packages/27/d6/003e593296a85fd6ed616ed962795b2f87709c3eee2bca4f6d0fe55c6d00/wheel-0.37.1-py2.py3-none-any.whl", hash = "sha256:4bdcd7d840138086126cd09254dc6195fb4fc6f01c050a1d7236f2630db1d22a"},
    {url = "https://files.pythonhosted.org/packages/c0/6c/9f840c2e55b67b90745af06a540964b73589256cb10cc10057c87ac78fc2/wheel-0.37.1.tar.gz", hash = "sha256:e9a504e793efbca1b8e0e9cb979a249cf4a0a7b5b8c9e8b65a5e39d49529c1c4"},
]
